
Microsoft Visual Studio Solution File, Format Version 12.00
# Visual Studio Version 17
VisualStudioVersion = 17.14.36414.22
MinimumVisualStudioVersion = 10.0.40219.1
Project("{FAE04EC0-301F-11D3-BF4B-00C04F79EFBC}") = "AutoServiceApp", "AutoServiceApp.csproj", "{7B880FD1-2A43-467C-B39F-4E73C3A5B2B8}"
EndProject
Project("{FAE04EC0-301F-11D3-BF4B-00C04F79EFBC}") = "AutoServiceApp.Domain", "..\AutoServiceApp.Domain\AutoServiceApp.Domain.csproj", "{DEAAEABE-CFBD-86E3-EFB4-42614C49D922}"
EndProject
Project("{FAE04EC0-301F-11D3-BF4B-00C04F79EFBC}") = "Data.InMemory", "..\Data.InMemory\Data.InMemory.csproj", "{D260E12B-10DA-CA51-4167-6A44A9FDE3C4}"
EndProject
Project("{FAE04EC0-301F-11D3-BF4B-00C04F79EFBC}") = "Data.Interfaces", "..\Data.Interfaces\Data.Interfaces.csproj", "{4C3FB5EF-2345-8E98-28C1-AC0B5412E1A9}"
EndProject
Global
	GlobalSection(SolutionConfigurationPlatforms) = preSolution
		Debug|Any CPU = Debug|Any CPU
		Release|Any CPU = Release|Any CPU
	EndGlobalSection
	GlobalSection(ProjectConfigurationPlatforms) = postSolution
		{7B880FD1-2A43-467C-B39F-4E73C3A5B2B8}.Debug|Any CPU.ActiveCfg = Debug|Any CPU
		{7B880FD1-2A43-467C-B39F-4E73C3A5B2B8}.Debug|Any CPU.Build.0 = Debug|Any CPU
		{7B880FD1-2A43-467C-B39F-4E73C3A5B2B8}.Release|Any CPU.ActiveCfg = Release|Any CPU
		{7B880FD1-2A43-467C-B39F-4E73C3A5B2B8}.Release|Any CPU.Build.0 = Release|Any CPU
		{DEAAEABE-CFBD-86E3-EFB4-42614C49D922}.Debug|Any CPU.ActiveCfg = Debug|Any CPU
		{DEAAEABE-CFBD-86E3-EFB4-42614C49D922}.Debug|Any CPU.Build.0 = Debug|Any CPU
		{DEAAEABE-CFBD-86E3-EFB4-42614C49D922}.Release|Any CPU.ActiveCfg = Release|Any CPU
		{DEAAEABE-CFBD-86E3-EFB4-42614C49D922}.Release|Any CPU.Build.0 = Release|Any CPU
		{D260E12B-10DA-CA51-4167-6A44A9FDE3C4}.Debug|Any CPU.ActiveCfg = Debug|Any CPU
		{D260E12B-10DA-CA51-4167-6A44A9FDE3C4}.Debug|Any CPU.Build.0 = Debug|Any CPU
		{D260E12B-10DA-CA51-4167-6A44A9FDE3C4}.Release|Any CPU.ActiveCfg = Release|Any CPU
		{D260E12B-10DA-CA51-4167-6A44A9FDE3C4}.Release|Any CPU.Build.0 = Release|Any CPU
		{4C3FB5EF-2345-8E98-28C1-AC0B5412E1A9}.Debug|Any CPU.ActiveCfg = Debug|Any CPU
		{4C3FB5EF-2345-8E98-28C1-AC0B5412E1A9}.Debug|Any CPU.Build.0 = Debug|Any CPU
		{4C3FB5EF-2345-8E98-28C1-AC0B5412E1A9}.Release|Any CPU.ActiveCfg = Release|Any CPU
		{4C3FB5EF-2345-8E98-28C1-AC0B5412E1A9}.Release|Any CPU.Build.0 = Release|Any CPU
	EndGlobalSection
	GlobalSection(SolutionProperties) = preSolution
		HideSolutionNode = FALSE
	EndGlobalSection
	GlobalSection(ExtensibilityGlobals) = postSolution
		SolutionGuid = {9A3A4DC1-89EF-40BA-A5CD-8FB5C3EDF25B}
	EndGlobalSection
EndGlobal
